// !$*UTF8*$!
{
	archiveVersion = 1;
	classes = {
	};
	objectVersion = 56;
	objects = {

/* Begin PBXBuildFile section */
		8B16C30F2CA2F5FB007285B9 /* AppDelegate.swift in Sources */ = {isa = PBXBuildFile; fileRef = 8B16C30E2CA2F5FB007285B9 /* AppDelegate.swift */; };
		8B16C3112CA2F5FB007285B9 /* SceneDelegate.swift in Sources */ = {isa = PBXBuildFile; fileRef = 8B16C3102CA2F5FB007285B9 /* SceneDelegate.swift */; };
		8B16C3162CA2F5FB007285B9 /* Main.storyboard in Resources */ = {isa = PBXBuildFile; fileRef = 8B16C3142CA2F5FB007285B9 /* Main.storyboard */; };
		8B16C3182CA2F5FC007285B9 /* Assets.xcassets in Resources */ = {isa = PBXBuildFile; fileRef = 8B16C3172CA2F5FC007285B9 /* Assets.xcassets */; };
		8B16C31B2CA2F5FC007285B9 /* LaunchScreen.storyboard in Resources */ = {isa = PBXBuildFile; fileRef = 8B16C3192CA2F5FC007285B9 /* LaunchScreen.storyboard */; };
		8B16C3262CA2F5FC007285B9 /* CoffeeOrdersTests.swift in Sources */ = {isa = PBXBuildFile; fileRef = 8B16C3252CA2F5FC007285B9 /* CoffeeOrdersTests.swift */; };
		8B16C3302CA2F5FC007285B9 /* CoffeeOrdersUITests.swift in Sources */ = {isa = PBXBuildFile; fileRef = 8B16C32F2CA2F5FC007285B9 /* CoffeeOrdersUITests.swift */; };
		8B16C3322CA2F5FC007285B9 /* CoffeeOrdersUITestsLaunchTests.swift in Sources */ = {isa = PBXBuildFile; fileRef = 8B16C3312CA2F5FC007285B9 /* CoffeeOrdersUITestsLaunchTests.swift */; };
		8B16C3402CA305B5007285B9 /* OrdersTableViewController.swift in Sources */ = {isa = PBXBuildFile; fileRef = 8B16C33F2CA305B5007285B9 /* OrdersTableViewController.swift */; };
		8B16C3422CA305D2007285B9 /* AddOrderViewController.swift in Sources */ = {isa = PBXBuildFile; fileRef = 8B16C3412CA305D2007285B9 /* AddOrderViewController.swift */; };
/* End PBXBuildFile section */

/* Begin PBXContainerItemProxy section */
		8B16C3222CA2F5FC007285B9 /* PBXContainerItemProxy */ = {
			isa = PBXContainerItemProxy;
			containerPortal = 8B16C3032CA2F5FB007285B9 /* Project object */;
			proxyType = 1;
			remoteGlobalIDString = 8B16C30A2CA2F5FB007285B9;
			remoteInfo = CoffeeOrders;
		};
		8B16C32C2CA2F5FC007285B9 /* PBXContainerItemProxy */ = {
			isa = PBXContainerItemProxy;
			containerPortal = 8B16C3032CA2F5FB007285B9 /* Project object */;
			proxyType = 1;
			remoteGlobalIDString = 8B16C30A2CA2F5FB007285B9;
			remoteInfo = CoffeeOrders;
		};
/* End PBXContainerItemProxy section */

/* Begin PBXFileReference section */
		8B16C30B2CA2F5FB007285B9 /* CoffeeOrders.app */ = {isa = PBXFileReference; explicitFileType = wrapper.application; includeInIndex = 0; path = CoffeeOrders.app; sourceTree = BUILT_PRODUCTS_DIR; };
		8B16C30E2CA2F5FB007285B9 /* AppDelegate.swift */ = {isa = PBXFileReference; lastKnownFileType = sourcecode.swift; path = AppDelegate.swift; sourceTree = "<group>"; };
		8B16C3102CA2F5FB007285B9 /* SceneDelegate.swift */ = {isa = PBXFileReference; lastKnownFileType = sourcecode.swift; path = SceneDelegate.swift; sourceTree = "<group>"; };
		8B16C3152CA2F5FB007285B9 /* Base */ = {isa = PBXFileReference; lastKnownFileType = file.storyboard; name = Base; path = Base.lproj/Main.storyboard; sourceTree = "<group>"; };
		8B16C3172CA2F5FC007285B9 /* Assets.xcassets */ = {isa = PBXFileReference; lastKnownFileType = folder.assetcatalog; path = Assets.xcassets; sourceTree = "<group>"; };
		8B16C31A2CA2F5FC007285B9 /* Base */ = {isa = PBXFileReference; lastKnownFileType = file.storyboard; name = Base; path = Base.lproj/LaunchScreen.storyboard; sourceTree = "<group>"; };
		8B16C31C2CA2F5FC007285B9 /* Info.plist */ = {isa = PBXFileReference; lastKnownFileType = text.plist.xml; path = Info.plist; sourceTree = "<group>"; };
		8B16C3212CA2F5FC007285B9 /* CoffeeOrdersTests.xctest */ = {isa = PBXFileReference; explicitFileType = wrapper.cfbundle; includeInIndex = 0; path = CoffeeOrdersTests.xctest; sourceTree = BUILT_PRODUCTS_DIR; };
		8B16C3252CA2F5FC007285B9 /* CoffeeOrdersTests.swift */ = {isa = PBXFileReference; lastKnownFileType = sourcecode.swift; path = CoffeeOrdersTests.swift; sourceTree = "<group>"; };
		8B16C32B2CA2F5FC007285B9 /* CoffeeOrdersUITests.xctest */ = {isa = PBXFileReference; explicitFileType = wrapper.cfbundle; includeInIndex = 0; path = CoffeeOrdersUITests.xctest; sourceTree = BUILT_PRODUCTS_DIR; };
		8B16C32F2CA2F5FC007285B9 /* CoffeeOrdersUITests.swift */ = {isa = PBXFileReference; lastKnownFileType = sourcecode.swift; path = CoffeeOrdersUITests.swift; sourceTree = "<group>"; };
		8B16C3312CA2F5FC007285B9 /* CoffeeOrdersUITestsLaunchTests.swift */ = {isa = PBXFileReference; lastKnownFileType = sourcecode.swift; path = CoffeeOrdersUITestsLaunchTests.swift; sourceTree = "<group>"; };
		8B16C33F2CA305B5007285B9 /* OrdersTableViewController.swift */ = {isa = PBXFileReference; lastKnownFileType = sourcecode.swift; path = OrdersTableViewController.swift; sourceTree = "<group>"; };
		8B16C3412CA305D2007285B9 /* AddOrderViewController.swift */ = {isa = PBXFileReference; lastKnownFileType = sourcecode.swift; path = AddOrderViewController.swift; sourceTree = "<group>"; };
/* End PBXFileReference section */

/* Begin PBXFrameworksBuildPhase section */
		8B16C3082CA2F5FB007285B9 /* Frameworks */ = {
			isa = PBXFrameworksBuildPhase;
			buildActionMask = 2147483647;
			files = (
			);
			runOnlyForDeploymentPostprocessing = 0;
		};
		8B16C31E2CA2F5FC007285B9 /* Frameworks */ = {
			isa = PBXFrameworksBuildPhase;
			buildActionMask = 2147483647;
			files = (
			);
			runOnlyForDeploymentPostprocessing = 0;
		};
		8B16C3282CA2F5FC007285B9 /* Frameworks */ = {
			isa = PBXFrameworksBuildPhase;
			buildActionMask = 2147483647;
			files = (
			);
			runOnlyForDeploymentPostprocessing = 0;
		};
/* End PBXFrameworksBuildPhase section */

/* Begin PBXGroup section */
		8B16C3022CA2F5FB007285B9 = {
			isa = PBXGroup;
			children = (
				8B16C30D2CA2F5FB007285B9 /* CoffeeOrders */,
				8B16C3242CA2F5FC007285B9 /* CoffeeOrdersTests */,
				8B16C32E2CA2F5FC007285B9 /* CoffeeOrdersUITests */,
				8B16C30C2CA2F5FB007285B9 /* Products */,
			);
			sourceTree = "<group>";
		};
		8B16C30C2CA2F5FB007285B9 /* Products */ = {
			isa = PBXGroup;
			children = (
				8B16C30B2CA2F5FB007285B9 /* CoffeeOrders.app */,
				8B16C3212CA2F5FC007285B9 /* CoffeeOrdersTests.xctest */,
				8B16C32B2CA2F5FC007285B9 /* CoffeeOrdersUITests.xctest */,
			);
			name = Products;
			sourceTree = "<group>";
		};
		8B16C30D2CA2F5FB007285B9 /* CoffeeOrders */ = {
			isa = PBXGroup;
			children = (
				8B16C33E2CA304F6007285B9 /* Controllers */,
				8B16C30E2CA2F5FB007285B9 /* AppDelegate.swift */,
				8B16C3102CA2F5FB007285B9 /* SceneDelegate.swift */,
				8B16C3142CA2F5FB007285B9 /* Main.storyboard */,
				8B16C3172CA2F5FC007285B9 /* Assets.xcassets */,
				8B16C3192CA2F5FC007285B9 /* LaunchScreen.storyboard */,
				8B16C31C2CA2F5FC007285B9 /* Info.plist */,
			);
			path = CoffeeOrders;
			sourceTree = "<group>";
		};
		8B16C3242CA2F5FC007285B9 /* CoffeeOrdersTests */ = {
			isa = PBXGroup;
			children = (
				8B16C3252CA2F5FC007285B9 /* CoffeeOrdersTests.swift */,
			);
			path = CoffeeOrdersTests;
			sourceTree = "<group>";
		};
		8B16C32E2CA2F5FC007285B9 /* CoffeeOrdersUITests */ = {
			isa = PBXGroup;
			children = (
				8B16C32F2CA2F5FC007285B9 /* CoffeeOrdersUITests.swift */,
				8B16C3312CA2F5FC007285B9 /* CoffeeOrdersUITestsLaunchTests.swift */,
			);
			path = CoffeeOrdersUITests;
			sourceTree = "<group>";
		};
		8B16C33E2CA304F6007285B9 /* Controllers */ = {
			isa = PBXGroup;
			children = (
				8B16C33F2CA305B5007285B9 /* OrdersTableViewController.swift */,
				8B16C3412CA305D2007285B9 /* AddOrderViewController.swift */,
			);
			path = Controllers;
			sourceTree = "<group>";
		};
/* End PBXGroup section */

/* Begin PBXNativeTarget section */
		8B16C30A2CA2F5FB007285B9 /* CoffeeOrders */ = {
			isa = PBXNativeTarget;
			buildConfigurationList = 8B16C3352CA2F5FC007285B9 /* Build configuration list for PBXNativeTarget "CoffeeOrders" */;
			buildPhases = (
				8B16C3072CA2F5FB007285B9 /* Sources */,
				8B16C3082CA2F5FB007285B9 /* Frameworks */,
				8B16C3092CA2F5FB007285B9 /* Resources */,
			);
			buildRules = (
			);
			dependencies = (
			);
			name = CoffeeOrders;
			productName = CoffeeOrders;
			productReference = 8B16C30B2CA2F5FB007285B9 /* CoffeeOrders.app */;
			productType = "com.apple.product-type.application";
		};
		8B16C3202CA2F5FC007285B9 /* CoffeeOrdersTests */ = {
			isa = PBXNativeTarget;
			buildConfigurationList = 8B16C3382CA2F5FC007285B9 /* Build configuration list for PBXNativeTarget "CoffeeOrdersTests" */;
			buildPhases = (
				8B16C31D2CA2F5FC007285B9 /* Sources */,
				8B16C31E2CA2F5FC007285B9 /* Frameworks */,
				8B16C31F2CA2F5FC007285B9 /* Resources */,
			);
			buildRules = (
			);
			dependencies = (
				8B16C3232CA2F5FC007285B9 /* PBXTargetDependency */,
			);
			name = CoffeeOrdersTests;
			productName = CoffeeOrdersTests;
			productReference = 8B16C3212CA2F5FC007285B9 /* CoffeeOrdersTests.xctest */;
			productType = "com.apple.product-type.bundle.unit-test";
		};
		8B16C32A2CA2F5FC007285B9 /* CoffeeOrdersUITests */ = {
			isa = PBXNativeTarget;
			buildConfigurationList = 8B16C33B2CA2F5FC007285B9 /* Build configuration list for PBXNativeTarget "CoffeeOrdersUITests" */;
			buildPhases = (
				8B16C3272CA2F5FC007285B9 /* Sources */,
				8B16C3282CA2F5FC007285B9 /* Frameworks */,
				8B16C3292CA2F5FC007285B9 /* Resources */,
			);
			buildRules = (
			);
			dependencies = (
				8B16C32D2CA2F5FC007285B9 /* PBXTargetDependency */,
			);
			name = CoffeeOrdersUITests;
			productName = CoffeeOrdersUITests;
			productReference = 8B16C32B2CA2F5FC007285B9 /* CoffeeOrdersUITests.xctest */;
			productType = "com.apple.product-type.bundle.ui-testing";
		};
/* End PBXNativeTarget section */

/* Begin PBXProject section */
		8B16C3032CA2F5FB007285B9 /* Project object */ = {
			isa = PBXProject;
			attributes = {
				BuildIndependentTargetsInParallel = 1;
				LastSwiftUpdateCheck = 1430;
				LastUpgradeCheck = 1430;
				TargetAttributes = {
					8B16C30A2CA2F5FB007285B9 = {
						CreatedOnToolsVersion = 14.3.1;
					};
					8B16C3202CA2F5FC007285B9 = {
						CreatedOnToolsVersion = 14.3.1;
						TestTargetID = 8B16C30A2CA2F5FB007285B9;
					};
					8B16C32A2CA2F5FC007285B9 = {
						CreatedOnToolsVersion = 14.3.1;
						TestTargetID = 8B16C30A2CA2F5FB007285B9;
					};
				};
			};
			buildConfigurationList = 8B16C3062CA2F5FB007285B9 /* Build configuration list for PBXProject "CoffeeOrders" */;
			compatibilityVersion = "Xcode 14.0";
			developmentRegion = en;
			hasScannedForEncodings = 0;
			knownRegions = (
				en,
				Base,
			);
			mainGroup = 8B16C3022CA2F5FB007285B9;
			productRefGroup = 8B16C30C2CA2F5FB007285B9 /* Products */;
			projectDirPath = "";
			projectRoot = "";
			targets = (
				8B16C30A2CA2F5FB007285B9 /* CoffeeOrders */,
				8B16C3202CA2F5FC007285B9 /* CoffeeOrdersTests */,
				8B16C32A2CA2F5FC007285B9 /* CoffeeOrdersUITests */,
			);
		};
/* End PBXProject section */

/* Begin PBXResourcesBuildPhase section */
		8B16C3092CA2F5FB007285B9 /* Resources */ = {
			isa = PBXResourcesBuildPhase;
			buildActionMask = 2147483647;
			files = (
				8B16C31B2CA2F5FC007285B9 /* LaunchScreen.storyboard in Resources */,
				8B16C3182CA2F5FC007285B9 /* Assets.xcassets in Resources */,
				8B16C3162CA2F5FB007285B9 /* Main.storyboard in Resources */,
			);
			runOnlyForDeploymentPostprocessing = 0;
		};
		8B16C31F2CA2F5FC007285B9 /* Resources */ = {
			isa = PBXResourcesBuildPhase;
			buildActionMask = 2147483647;
			files = (
			);
			runOnlyForDeploymentPostprocessing = 0;
		};
		8B16C3292CA2F5FC007285B9 /* Resources */ = {
			isa = PBXResourcesBuildPhase;
			buildActionMask = 2147483647;
			files = (
			);
			runOnlyForDeploymentPostprocessing = 0;
		};
/* End PBXResourcesBuildPhase section */

/* Begin PBXSourcesBuildPhase section */
		8B16C3072CA2F5FB007285B9 /* Sources */ = {
			isa = PBXSourcesBuildPhase;
			buildActionMask = 2147483647;
			files = (
				8B16C30F2CA2F5FB007285B9 /* AppDelegate.swift in Sources */,
				8B16C3112CA2F5FB007285B9 /* SceneDelegate.swift in Sources */,
				8B16C3402CA305B5007285B9 /* OrdersTableViewController.swift in Sources */,
				8B16C3422CA305D2007285B9 /* AddOrderViewController.swift in Sources */,
			);
			runOnlyForDeploymentPostprocessing = 0;
		};
		8B16C31D2CA2F5FC007285B9 /* Sources */ = {
			isa = PBXSourcesBuildPhase;
			buildActionMask = 2147483647;
			files = (
				8B16C3262CA2F5FC007285B9 /* CoffeeOrdersTests.swift in Sources */,
			);
			runOnlyForDeploymentPostprocessing = 0;
		};
		8B16C3272CA2F5FC007285B9 /* Sources */ = {
			isa = PBXSourcesBuildPhase;
			buildActionMask = 2147483647;
			files = (
				8B16C3302CA2F5FC007285B9 /* CoffeeOrdersUITests.swift in Sources */,
				8B16C3322CA2F5FC007285B9 /* CoffeeOrdersUITestsLaunchTests.swift in Sources */,
			);
			runOnlyForDeploymentPostprocessing = 0;
		};
/* End PBXSourcesBuildPhase section */

/* Begin PBXTargetDependency section */
		8B16C3232CA2F5FC007285B9 /* PBXTargetDependency */ = {
			isa = PBXTargetDependency;
			target = 8B16C30A2CA2F5FB007285B9 /* CoffeeOrders */;
			targetProxy = 8B16C3222CA2F5FC007285B9 /* PBXContainerItemProxy */;
		};
		8B16C32D2CA2F5FC007285B9 /* PBXTargetDependency */ = {
			isa = PBXTargetDependency;
			target = 8B16C30A2CA2F5FB007285B9 /* CoffeeOrders */;
			targetProxy = 8B16C32C2CA2F5FC007285B9 /* PBXContainerItemProxy */;
		};
/* End PBXTargetDependency section */

/* Begin PBXVariantGroup section */
		8B16C3142CA2F5FB007285B9 /* Main.storyboard */ = {
			isa = PBXVariantGroup;
			children = (
				8B16C3152CA2F5FB007285B9 /* Base */,
			);
			name = Main.storyboard;
			sourceTree = "<group>";
		};
		8B16C3192CA2F5FC007285B9 /* LaunchScreen.storyboard */ = {
			isa = PBXVariantGroup;
			children = (
				8B16C31A2CA2F5FC007285B9 /* Base */,
			);
			name = LaunchScreen.storyboard;
			sourceTree = "<group>";
		};
/* End PBXVariantGroup section */

/* Begin XCBuildConfiguration section */
		8B16C3332CA2F5FC007285B9 /* Debug */ = {
			isa = XCBuildConfiguration;
			buildSettings = {
				ALWAYS_SEARCH_USER_PATHS = NO;
				CLANG_ANALYZER_NONNULL = YES;
				CLANG_ANALYZER_NUMBER_OBJECT_CONVERSION = YES_AGGRESSIVE;
				CLANG_CXX_LANGUAGE_STANDARD = "gnu++20";
				CLANG_ENABLE_MODULES = YES;
				CLANG_ENABLE_OBJC_ARC = YES;
				CLANG_ENABLE_OBJC_WEAK = YES;
				CLANG_WARN_BLOCK_CAPTURE_AUTORELEASING = YES;
				CLANG_WARN_BOOL_CONVERSION = YES;
				CLANG_WARN_COMMA = YES;
				CLANG_WARN_CONSTANT_CONVERSION = YES;
				CLANG_WARN_DEPRECATED_OBJC_IMPLEMENTATIONS = YES;
				CLANG_WARN_DIRECT_OBJC_ISA_USAGE = YES_ERROR;
				CLANG_WARN_DOCUMENTATION_COMMENTS = YES;
				CLANG_WARN_EMPTY_BODY = YES;
				CLANG_WARN_ENUM_CONVERSION = YES;
				CLANG_WARN_INFINITE_RECURSION = YES;
				CLANG_WARN_INT_CONVERSION = YES;
				CLANG_WARN_NON_LITERAL_NULL_CONVERSION = YES;
				CLANG_WARN_OBJC_IMPLICIT_RETAIN_SELF = YES;
				CLANG_WARN_OBJC_LITERAL_CONVERSION = YES;
				CLANG_WARN_OBJC_ROOT_CLASS = YES_ERROR;
				CLANG_WARN_QUOTED_INCLUDE_IN_FRAMEWORK_HEADER = YES;
				CLANG_WARN_RANGE_LOOP_ANALYSIS = YES;
				CLANG_WARN_STRICT_PROTOTYPES = YES;
				CLANG_WARN_SUSPICIOUS_MOVE = YES;
				CLANG_WARN_UNGUARDED_AVAILABILITY = YES_AGGRESSIVE;
				CLANG_WARN_UNREACHABLE_CODE = YES;
				CLANG_WARN__DUPLICATE_METHOD_MATCH = YES;
				COPY_PHASE_STRIP = NO;
				DEBUG_INFORMATION_FORMAT = dwarf;
				ENABLE_STRICT_OBJC_MSGSEND = YES;
				ENABLE_TESTABILITY = YES;
				GCC_C_LANGUAGE_STANDARD = gnu11;
				GCC_DYNAMIC_NO_PIC = NO;
				GCC_NO_COMMON_BLOCKS = YES;
				GCC_OPTIMIZATION_LEVEL = 0;
				GCC_PREPROCESSOR_DEFINITIONS = (
					"DEBUG=1",
					"$(inherited)",
				);
				GCC_WARN_64_TO_32_BIT_CONVERSION = YES;
				GCC_WARN_ABOUT_RETURN_TYPE = YES_ERROR;
				GCC_WARN_UNDECLARED_SELECTOR = YES;
				GCC_WARN_UNINITIALIZED_AUTOS = YES_AGGRESSIVE;
				GCC_WARN_UNUSED_FUNCTION = YES;
				GCC_WARN_UNUSED_VARIABLE = YES;
				IPHONEOS_DEPLOYMENT_TARGET = 16.4;
				MTL_ENABLE_DEBUG_INFO = INCLUDE_SOURCE;
				MTL_FAST_MATH = YES;
				ONLY_ACTIVE_ARCH = YES;
				SDKROOT = iphoneos;
				SWIFT_ACTIVE_COMPILATION_CONDITIONS = DEBUG;
				SWIFT_OPTIMIZATION_LEVEL = "-Onone";
			};
			name = Debug;
		};
		8B16C3342CA2F5FC007285B9 /* Release */ = {
			isa = XCBuildConfiguration;
			buildSettings = {
				ALWAYS_SEARCH_USER_PATHS = NO;
				CLANG_ANALYZER_NONNULL = YES;
				CLANG_ANALYZER_NUMBER_OBJECT_CONVERSION = YES_AGGRESSIVE;
				CLANG_CXX_LANGUAGE_STANDARD = "gnu++20";
				CLANG_ENABLE_MODULES = YES;
				CLANG_ENABLE_OBJC_ARC = YES;
				CLANG_ENABLE_OBJC_WEAK = YES;
				CLANG_WARN_BLOCK_CAPTURE_AUTORELEASING = YES;
				CLANG_WARN_BOOL_CONVERSION = YES;
				CLANG_WARN_COMMA = YES;
				CLANG_WARN_CONSTANT_CONVERSION = YES;
				CLANG_WARN_DEPRECATED_OBJC_IMPLEMENTATIONS = YES;
				CLANG_WARN_DIRECT_OBJC_ISA_USAGE = YES_ERROR;
				CLANG_WARN_DOCUMENTATION_COMMENTS = YES;
				CLANG_WARN_EMPTY_BODY = YES;
				CLANG_WARN_ENUM_CONVERSION = YES;
				CLANG_WARN_INFINITE_RECURSION = YES;
				CLANG_WARN_INT_CONVERSION = YES;
				CLANG_WARN_NON_LITERAL_NULL_CONVERSION = YES;
				CLANG_WARN_OBJC_IMPLICIT_RETAIN_SELF = YES;
				CLANG_WARN_OBJC_LITERAL_CONVERSION = YES;
				CLANG_WARN_OBJC_ROOT_CLASS = YES_ERROR;
				CLANG_WARN_QUOTED_INCLUDE_IN_FRAMEWORK_HEADER = YES;
				CLANG_WARN_RANGE_LOOP_ANALYSIS = YES;
				CLANG_WARN_STRICT_PROTOTYPES = YES;
				CLANG_WARN_SUSPICIOUS_MOVE = YES;
				CLANG_WARN_UNGUARDED_AVAILABILITY = YES_AGGRESSIVE;
				CLANG_WARN_UNREACHABLE_CODE = YES;
				CLANG_WARN__DUPLICATE_METHOD_MATCH = YES;
				COPY_PHASE_STRIP = NO;
				DEBUG_INFORMATION_FORMAT = "dwarf-with-dsym";
				ENABLE_NS_ASSERTIONS = NO;
				ENABLE_STRICT_OBJC_MSGSEND = YES;
				GCC_C_LANGUAGE_STANDARD = gnu11;
				GCC_NO_COMMON_BLOCKS = YES;
				GCC_WARN_64_TO_32_BIT_CONVERSION = YES;
				GCC_WARN_ABOUT_RETURN_TYPE = YES_ERROR;
				GCC_WARN_UNDECLARED_SELECTOR = YES;
				GCC_WARN_UNINITIALIZED_AUTOS = YES_AGGRESSIVE;
				GCC_WARN_UNUSED_FUNCTION = YES;
				GCC_WARN_UNUSED_VARIABLE = YES;
				IPHONEOS_DEPLOYMENT_TARGET = 16.4;
				MTL_ENABLE_DEBUG_INFO = NO;
				MTL_FAST_MATH = YES;
				SDKROOT = iphoneos;
				SWIFT_COMPILATION_MODE = wholemodule;
				SWIFT_OPTIMIZATION_LEVEL = "-O";
				VALIDATE_PRODUCT = YES;
			};
			name = Release;
		};
		8B16C3362CA2F5FC007285B9 /* Debug */ = {
			isa = XCBuildConfiguration;
			buildSettings = {
				ASSETCATALOG_COMPILER_APPICON_NAME = AppIcon;
				ASSETCATALOG_COMPILER_GLOBAL_ACCENT_COLOR_NAME = AccentColor;
				CODE_SIGN_STYLE = Automatic;
				CURRENT_PROJECT_VERSION = 1;
				GENERATE_INFOPLIST_FILE = YES;
				INFOPLIST_FILE = CoffeeOrders/Info.plist;
				INFOPLIST_KEY_UIApplicationSupportsIndirectInputEvents = YES;
				INFOPLIST_KEY_UILaunchStoryboardName = LaunchScreen;
				INFOPLIST_KEY_UIMainStoryboardFile = Main;
				INFOPLIST_KEY_UISupportedInterfaceOrientations_iPad = "UIInterfaceOrientationPortrait UIInterfaceOrientationPortraitUpsideDown UIInterfaceOrientationLandscapeLeft UIInterfaceOrientationLandscapeRight";
				INFOPLIST_KEY_UISupportedInterfaceOrientations_iPhone = "UIInterfaceOrientationPortrait UIInterfaceOrientationLandscapeLeft UIInterfaceOrientationLandscapeRight";
				LD_RUNPATH_SEARCH_PATHS = (
					"$(inherited)",
					"@executable_path/Frameworks",
				);
				MARKETING_VERSION = 1.0;
				PRODUCT_BUNDLE_IDENTIFIER = hustin.CoffeeOrders;
				PRODUCT_NAME = "$(TARGET_NAME)";
				SWIFT_EMIT_LOC_STRINGS = YES;
				SWIFT_VERSION = 5.0;
				TARGETED_DEVICE_FAMILY = "1,2";
			};
			name = Debug;
		};
		8B16C3372CA2F5FC007285B9 /* Release */ = {
			isa = XCBuildConfiguration;
			buildSettings = {
				ASSETCATALOG_COMPILER_APPICON_NAME = AppIcon;
				ASSETCATALOG_COMPILER_GLOBAL_ACCENT_COLOR_NAME = AccentColor;
				CODE_SIGN_STYLE = Automatic;
				CURRENT_PROJECT_VERSION = 1;
				GENERATE_INFOPLIST_FILE = YES;
				INFOPLIST_FILE = CoffeeOrders/Info.plist;
				INFOPLIST_KEY_UIApplicationSupportsIndirectInputEvents = YES;
				INFOPLIST_KEY_UILaunchStoryboardName = LaunchScreen;
				INFOPLIST_KEY_UIMainStoryboardFile = Main;
				INFOPLIST_KEY_UISupportedInterfaceOrientations_iPad = "UIInterfaceOrientationPortrait UIInterfaceOrientationPortraitUpsideDown UIInterfaceOrientationLandscapeLeft UIInterfaceOrientationLandscapeRight";
				INFOPLIST_KEY_UISupportedInterfaceOrientations_iPhone = "UIInterfaceOrientationPortrait UIInterfaceOrientationLandscapeLeft UIInterfaceOrientationLandscapeRight";
				LD_RUNPATH_SEARCH_PATHS = (
					"$(inherited)",
					"@executable_path/Frameworks",
				);
				MARKETING_VERSION = 1.0;
				PRODUCT_BUNDLE_IDENTIFIER = hustin.CoffeeOrders;
				PRODUCT_NAME = "$(TARGET_NAME)";
				SWIFT_EMIT_LOC_STRINGS = YES;
				SWIFT_VERSION = 5.0;
				TARGETED_DEVICE_FAMILY = "1,2";
			};
			name = Release;
		};
		8B16C3392CA2F5FC007285B9 /* Debug */ = {
			isa = XCBuildConfiguration;
			buildSettings = {
				ALWAYS_EMBED_SWIFT_STANDARD_LIBRARIES = YES;
				BUNDLE_LOADER = "$(TEST_HOST)";
				CODE_SIGN_STYLE = Automatic;
				CURRENT_PROJECT_VERSION = 1;
				GENERATE_INFOPLIST_FILE = YES;
				IPHONEOS_DEPLOYMENT_TARGET = 16.4;
				MARKETING_VERSION = 1.0;
				PRODUCT_BUNDLE_IDENTIFIER = hustin.CoffeeOrdersTests;
				PRODUCT_NAME = "$(TARGET_NAME)";
				SWIFT_EMIT_LOC_STRINGS = NO;
				SWIFT_VERSION = 5.0;
				TARGETED_DEVICE_FAMILY = "1,2";
				TEST_HOST = "$(BUILT_PRODUCTS_DIR)/CoffeeOrders.app/$(BUNDLE_EXECUTABLE_FOLDER_PATH)/CoffeeOrders";
			};
			name = Debug;
		};
		8B16C33A2CA2F5FC007285B9 /* Release */ = {
			isa = XCBuildConfiguration;
			buildSettings = {
				ALWAYS_EMBED_SWIFT_STANDARD_LIBRARIES = YES;
				BUNDLE_LOADER = "$(TEST_HOST)";
				CODE_SIGN_STYLE = Automatic;
				CURRENT_PROJECT_VERSION = 1;
				GENERATE_INFOPLIST_FILE = YES;
				IPHONEOS_DEPLOYMENT_TARGET = 16.4;
				MARKETING_VERSION = 1.0;
				PRODUCT_BUNDLE_IDENTIFIER = hustin.CoffeeOrdersTests;
				PRODUCT_NAME = "$(TARGET_NAME)";
				SWIFT_EMIT_LOC_STRINGS = NO;
				SWIFT_VERSION = 5.0;
				TARGETED_DEVICE_FAMILY = "1,2";
				TEST_HOST = "$(BUILT_PRODUCTS_DIR)/CoffeeOrders.app/$(BUNDLE_EXECUTABLE_FOLDER_PATH)/CoffeeOrders";
			};
			name = Release;
		};
		8B16C33C2CA2F5FC007285B9 /* Debug */ = {
			isa = XCBuildConfiguration;
			buildSettings = {
				ALWAYS_EMBED_SWIFT_STANDARD_LIBRARIES = YES;
				CODE_SIGN_STYLE = Automatic;
				CURRENT_PROJECT_VERSION = 1;
				GENERATE_INFOPLIST_FILE = YES;
				MARKETING_VERSION = 1.0;
				PRODUCT_BUNDLE_IDENTIFIER = hustin.CoffeeOrdersUITests;
				PRODUCT_NAME = "$(TARGET_NAME)";
				SWIFT_EMIT_LOC_STRINGS = NO;
				SWIFT_VERSION = 5.0;
				TARGETED_DEVICE_FAMILY = "1,2";
				TEST_TARGET_NAME = CoffeeOrders;
			};
			name = Debug;
		};
		8B16C33D2CA2F5FC007285B9 /* Release */ = {
			isa = XCBuildConfiguration;
			buildSettings = {
				ALWAYS_EMBED_SWIFT_STANDARD_LIBRARIES = YES;
				CODE_SIGN_STYLE = Automatic;
				CURRENT_PROJECT_VERSION = 1;
				GENERATE_INFOPLIST_FILE = YES;
				MARKETING_VERSION = 1.0;
				PRODUCT_BUNDLE_IDENTIFIER = hustin.CoffeeOrdersUITests;
				PRODUCT_NAME = "$(TARGET_NAME)";
				SWIFT_EMIT_LOC_STRINGS = NO;
				SWIFT_VERSION = 5.0;
				TARGETED_DEVICE_FAMILY = "1,2";
				TEST_TARGET_NAME = CoffeeOrders;
			};
			name = Release;
		};
/* End XCBuildConfiguration section */

/* Begin XCConfigurationList section */
		8B16C3062CA2F5FB007285B9 /* Build configuration list for PBXProject "CoffeeOrders" */ = {
			isa = XCConfigurationList;
			buildConfigurations = (
				8B16C3332CA2F5FC007285B9 /* Debug */,
				8B16C3342CA2F5FC007285B9 /* Release */,
			);
			defaultConfigurationIsVisible = 0;
			defaultConfigurationName = Release;
		};
		8B16C3352CA2F5FC007285B9 /* Build configuration list for PBXNativeTarget "CoffeeOrders" */ = {
			isa = XCConfigurationList;
			buildConfigurations = (
				8B16C3362CA2F5FC007285B9 /* Debug */,
				8B16C3372CA2F5FC007285B9 /* Release */,
			);
			defaultConfigurationIsVisible = 0;
			defaultConfigurationName = Release;
		};
		8B16C3382CA2F5FC007285B9 /* Build configuration list for PBXNativeTarget "CoffeeOrdersTests" */ = {
			isa = XCConfigurationList;
			buildConfigurations = (
				8B16C3392CA2F5FC007285B9 /* Debug */,
				8B16C33A2CA2F5FC007285B9 /* Release */,
			);
			defaultConfigurationIsVisible = 0;
			defaultConfigurationName = Release;
		};
		8B16C33B2CA2F5FC007285B9 /* Build configuration list for PBXNativeTarget "CoffeeOrdersUITests" */ = {
			isa = XCConfigurationList;
			buildConfigurations = (
				8B16C33C2CA2F5FC007285B9 /* Debug */,
				8B16C33D2CA2F5FC007285B9 /* Release */,
			);
			defaultConfigurationIsVisible = 0;
			defaultConfigurationName = Release;
		};
/* End XCConfigurationList section */
	};
	rootObject = 8B16C3032CA2F5FB007285B9 /* Project object */;
}
